
Microsoft Visual Studio Solution File, Format Version 12.00
Project("{FAE04EC0-301F-11D3-BF4B-00C04F79EFBC}") = "GameClient", "GameClient\GameClient.csproj", "{4728352B-34A2-4ABE-B291-3B9C5BC36C71}"
EndProject
Project("{FAE04EC0-301F-11D3-BF4B-00C04F79EFBC}") = "AdminClient", "AdminClient\AdminClient.csproj", "{293AE4FB-09F0-47F9-918D-A5B6AF908C0C}"
EndProject
Project("{FAE04EC0-301F-11D3-BF4B-00C04F79EFBC}") = "Shared", "Shared\Shared.csproj", "{5DCAD7E2-930B-484A-88A4-C250C392B96D}"
EndProject
Project("{FAE04EC0-301F-11D3-BF4B-00C04F79EFBC}") = "GameClient.Tests", "GameClient.Tests\GameClient.Tests.csproj", "{FDDD3C60-C303-4821-89EE-F8C6F024F567}"
EndProject
Project("{FAE04EC0-301F-11D3-BF4B-00C04F79EFBC}") = "Shared.Tests", "Shared.Tests\Shared.Tests.csproj", "{D753B110-28C2-444C-B8F2-5A3E4B6596CA}"
EndProject
Project("{FAE04EC0-301F-11D3-BF4B-00C04F79EFBC}") = "AdminClient.Tests", "AdminClient.Tests\AdminClient.Tests.csproj", "{BEC0C8A3-9650-41A1-AFCC-774FA879B12A}"
EndProject
Global
	GlobalSection(SolutionConfigurationPlatforms) = preSolution
		Debug|Any CPU = Debug|Any CPU
		Release|Any CPU = Release|Any CPU
	EndGlobalSection
	GlobalSection(ProjectConfigurationPlatforms) = postSolution
		{4728352B-34A2-4ABE-B291-3B9C5BC36C71}.Debug|Any CPU.ActiveCfg = Debug|Any CPU
		{4728352B-34A2-4ABE-B291-3B9C5BC36C71}.Debug|Any CPU.Build.0 = Debug|Any CPU
		{4728352B-34A2-4ABE-B291-3B9C5BC36C71}.Release|Any CPU.ActiveCfg = Release|Any CPU
		{4728352B-34A2-4ABE-B291-3B9C5BC36C71}.Release|Any CPU.Build.0 = Release|Any CPU
		{293AE4FB-09F0-47F9-918D-A5B6AF908C0C}.Debug|Any CPU.ActiveCfg = Debug|Any CPU
		{293AE4FB-09F0-47F9-918D-A5B6AF908C0C}.Debug|Any CPU.Build.0 = Debug|Any CPU
		{293AE4FB-09F0-47F9-918D-A5B6AF908C0C}.Release|Any CPU.ActiveCfg = Release|Any CPU
		{293AE4FB-09F0-47F9-918D-A5B6AF908C0C}.Release|Any CPU.Build.0 = Release|Any CPU
		{5DCAD7E2-930B-484A-88A4-C250C392B96D}.Debug|Any CPU.ActiveCfg = Debug|Any CPU
		{5DCAD7E2-930B-484A-88A4-C250C392B96D}.Debug|Any CPU.Build.0 = Debug|Any CPU
		{5DCAD7E2-930B-484A-88A4-C250C392B96D}.Release|Any CPU.ActiveCfg = Release|Any CPU
		{5DCAD7E2-930B-484A-88A4-C250C392B96D}.Release|Any CPU.Build.0 = Release|Any CPU
		{FDDD3C60-C303-4821-89EE-F8C6F024F567}.Debug|Any CPU.ActiveCfg = Debug|Any CPU
		{FDDD3C60-C303-4821-89EE-F8C6F024F567}.Debug|Any CPU.Build.0 = Debug|Any CPU
		{FDDD3C60-C303-4821-89EE-F8C6F024F567}.Release|Any CPU.ActiveCfg = Release|Any CPU
		{FDDD3C60-C303-4821-89EE-F8C6F024F567}.Release|Any CPU.Build.0 = Release|Any CPU
		{D753B110-28C2-444C-B8F2-5A3E4B6596CA}.Debug|Any CPU.ActiveCfg = Debug|Any CPU
		{D753B110-28C2-444C-B8F2-5A3E4B6596CA}.Debug|Any CPU.Build.0 = Debug|Any CPU
		{D753B110-28C2-444C-B8F2-5A3E4B6596CA}.Release|Any CPU.ActiveCfg = Release|Any CPU
		{D753B110-28C2-444C-B8F2-5A3E4B6596CA}.Release|Any CPU.Build.0 = Release|Any CPU
		{BEC0C8A3-9650-41A1-AFCC-774FA879B12A}.Debug|Any CPU.ActiveCfg = Debug|Any CPU
		{BEC0C8A3-9650-41A1-AFCC-774FA879B12A}.Debug|Any CPU.Build.0 = Debug|Any CPU
		{BEC0C8A3-9650-41A1-AFCC-774FA879B12A}.Release|Any CPU.ActiveCfg = Release|Any CPU
		{BEC0C8A3-9650-41A1-AFCC-774FA879B12A}.Release|Any CPU.Build.0 = Release|Any CPU
	EndGlobalSection
EndGlobal
